
Microsoft Visual Studio Solution File, Format Version 12.00
# Visual Studio 2013
VisualStudioVersion = 12.0.21005.1
MinimumVisualStudioVersion = 10.0.40219.1
Project("{FAE04EC0-301F-11D3-BF4B-00C04F79EFBC}") = "WorkerAPI", "WorkerAPI\WorkerAPI.csproj", "{420FEAF2-D038-44D1-BD65-81DF18042AAD}"
EndProject
Project("{FAE04EC0-301F-11D3-BF4B-00C04F79EFBC}") = "WorkerApiTests", "WorkerApiTests\WorkerApiTests.csproj", "{2AE8AAC3-5B61-49F3-8044-2DAB06511F2B}"
EndProject
Global
	GlobalSection(SolutionConfigurationPlatforms) = preSolution
		Debug|Any CPU = Debug|Any CPU
		Release|Any CPU = Release|Any CPU
	EndGlobalSection
	GlobalSection(ProjectConfigurationPlatforms) = postSolution
		{420FEAF2-D038-44D1-BD65-81DF18042AAD}.Debug|Any CPU.ActiveCfg = Debug|Any CPU
		{420FEAF2-D038-44D1-BD65-81DF18042AAD}.Debug|Any CPU.Build.0 = Debug|Any CPU
		{420FEAF2-D038-44D1-BD65-81DF18042AAD}.Release|Any CPU.ActiveCfg = Release|Any CPU
		{420FEAF2-D038-44D1-BD65-81DF18042AAD}.Release|Any CPU.Build.0 = Release|Any CPU
		{2AE8AAC3-5B61-49F3-8044-2DAB06511F2B}.Debug|Any CPU.ActiveCfg = Debug|Any CPU
		{2AE8AAC3-5B61-49F3-8044-2DAB06511F2B}.Debug|Any CPU.Build.0 = Debug|Any CPU
		{2AE8AAC3-5B61-49F3-8044-2DAB06511F2B}.Release|Any CPU.ActiveCfg = Release|Any CPU
		{2AE8AAC3-5B61-49F3-8044-2DAB06511F2B}.Release|Any CPU.Build.0 = Release|Any CPU
	EndGlobalSection
	GlobalSection(SolutionProperties) = preSolution
		HideSolutionNode = FALSE
	EndGlobalSection
EndGlobal
